
Microsoft Visual Studio Solution File, Format Version 12.00
# Visual Studio 14
VisualStudioVersion = 14.0.25123.0
MinimumVisualStudioVersion = 10.0.40219.1
Project("{FAE04EC0-301F-11D3-BF4B-00C04F79EFBC}") = "CGbR", "CGbR\CGbR.csproj", "{F42BA2ED-3B24-49A1-B6CF-B1676038141B}"
EndProject
Project("{FAE04EC0-301F-11D3-BF4B-00C04F79EFBC}") = "CGbR.GeneratorTests", "CGbR.GeneratorTests\CGbR.GeneratorTests.csproj", "{E41C63AA-1B24-4E11-B587-68C639196690}"
EndProject
Project("{FAE04EC0-301F-11D3-BF4B-00C04F79EFBC}") = "CGbR.Tests", "CGbR.Tests\CGbR.Tests.csproj", "{6414019E-AF9B-4C27-8A10-11CE7BD95FE0}"
EndProject
Project("{FAE04EC0-301F-11D3-BF4B-00C04F79EFBC}") = "CGbR.Lib", "CGbR.Lib\CGbR.Lib.csproj", "{2E0E6AD3-7336-4ED0-BA8A-2C6D0CC99FED}"
EndProject
Project("{FAE04EC0-301F-11D3-BF4B-00C04F79EFBC}") = "CGbR.Runner", "CGbR.Runner\CGbR.Runner.csproj", "{2E6CD21F-17F3-4678-8F4A-E26C933BB373}"
EndProject
Global
	GlobalSection(SolutionConfigurationPlatforms) = preSolution
		Debug|Any CPU = Debug|Any CPU
		Release|Any CPU = Release|Any CPU
	EndGlobalSection
	GlobalSection(ProjectConfigurationPlatforms) = postSolution
		{F42BA2ED-3B24-49A1-B6CF-B1676038141B}.Debug|Any CPU.ActiveCfg = Debug|Any CPU
		{F42BA2ED-3B24-49A1-B6CF-B1676038141B}.Debug|Any CPU.Build.0 = Debug|Any CPU
		{F42BA2ED-3B24-49A1-B6CF-B1676038141B}.Release|Any CPU.ActiveCfg = Release|Any CPU
		{F42BA2ED-3B24-49A1-B6CF-B1676038141B}.Release|Any CPU.Build.0 = Release|Any CPU
		{E41C63AA-1B24-4E11-B587-68C639196690}.Debug|Any CPU.ActiveCfg = Debug|Any CPU
		{E41C63AA-1B24-4E11-B587-68C639196690}.Debug|Any CPU.Build.0 = Debug|Any CPU
		{E41C63AA-1B24-4E11-B587-68C639196690}.Release|Any CPU.ActiveCfg = Release|Any CPU
		{E41C63AA-1B24-4E11-B587-68C639196690}.Release|Any CPU.Build.0 = Release|Any CPU
		{6414019E-AF9B-4C27-8A10-11CE7BD95FE0}.Debug|Any CPU.ActiveCfg = Debug|Any CPU
		{6414019E-AF9B-4C27-8A10-11CE7BD95FE0}.Debug|Any CPU.Build.0 = Debug|Any CPU
		{6414019E-AF9B-4C27-8A10-11CE7BD95FE0}.Release|Any CPU.ActiveCfg = Release|Any CPU
		{6414019E-AF9B-4C27-8A10-11CE7BD95FE0}.Release|Any CPU.Build.0 = Release|Any CPU
		{2E0E6AD3-7336-4ED0-BA8A-2C6D0CC99FED}.Debug|Any CPU.ActiveCfg = Debug|Any CPU
		{2E0E6AD3-7336-4ED0-BA8A-2C6D0CC99FED}.Debug|Any CPU.Build.0 = Debug|Any CPU
		{2E0E6AD3-7336-4ED0-BA8A-2C6D0CC99FED}.Release|Any CPU.ActiveCfg = Release|Any CPU
		{2E0E6AD3-7336-4ED0-BA8A-2C6D0CC99FED}.Release|Any CPU.Build.0 = Release|Any CPU
		{2E6CD21F-17F3-4678-8F4A-E26C933BB373}.Debug|Any CPU.ActiveCfg = Debug|Any CPU
		{2E6CD21F-17F3-4678-8F4A-E26C933BB373}.Debug|Any CPU.Build.0 = Debug|Any CPU
		{2E6CD21F-17F3-4678-8F4A-E26C933BB373}.Release|Any CPU.ActiveCfg = Release|Any CPU
		{2E6CD21F-17F3-4678-8F4A-E26C933BB373}.Release|Any CPU.Build.0 = Release|Any CPU
	EndGlobalSection
	GlobalSection(SolutionProperties) = preSolution
		HideSolutionNode = FALSE
	EndGlobalSection
EndGlobal
